
Microsoft Visual Studio Solution File, Format Version 12.00
Project("{FAE04EC0-301F-11D3-BF4B-00C04F79EFBC}") = "Domain", "Domain\Domain.csproj", "{8FD676FC-C68E-4D94-A552-47BBE1F9C81E}"
EndProject
Project("{FAE04EC0-301F-11D3-BF4B-00C04F79EFBC}") = "Infrastructure", "Infrastructure\Infrastructure.csproj", "{EECF099E-EE27-41B0-96C5-09EFA982F5DF}"
EndProject
Project("{FAE04EC0-301F-11D3-BF4B-00C04F79EFBC}") = "Application", "Application\Application.csproj", "{6571B554-44FC-42F1-9615-344078E10CA4}"
EndProject
Project("{FAE04EC0-301F-11D3-BF4B-00C04F79EFBC}") = "WebMVC", "WebMVC\WebMVC.csproj", "{3331A46E-A5E8-4B0E-9B39-D07DA5461AA5}"
EndProject
Global
	GlobalSection(SolutionConfigurationPlatforms) = preSolution
		Debug|Any CPU = Debug|Any CPU
		Release|Any CPU = Release|Any CPU
	EndGlobalSection
	GlobalSection(ProjectConfigurationPlatforms) = postSolution
		{8FD676FC-C68E-4D94-A552-47BBE1F9C81E}.Debug|Any CPU.ActiveCfg = Debug|Any CPU
		{8FD676FC-C68E-4D94-A552-47BBE1F9C81E}.Debug|Any CPU.Build.0 = Debug|Any CPU
		{8FD676FC-C68E-4D94-A552-47BBE1F9C81E}.Release|Any CPU.ActiveCfg = Release|Any CPU
		{8FD676FC-C68E-4D94-A552-47BBE1F9C81E}.Release|Any CPU.Build.0 = Release|Any CPU
		{EECF099E-EE27-41B0-96C5-09EFA982F5DF}.Debug|Any CPU.ActiveCfg = Debug|Any CPU
		{EECF099E-EE27-41B0-96C5-09EFA982F5DF}.Debug|Any CPU.Build.0 = Debug|Any CPU
		{EECF099E-EE27-41B0-96C5-09EFA982F5DF}.Release|Any CPU.ActiveCfg = Release|Any CPU
		{EECF099E-EE27-41B0-96C5-09EFA982F5DF}.Release|Any CPU.Build.0 = Release|Any CPU
		{6571B554-44FC-42F1-9615-344078E10CA4}.Debug|Any CPU.ActiveCfg = Debug|Any CPU
		{6571B554-44FC-42F1-9615-344078E10CA4}.Debug|Any CPU.Build.0 = Debug|Any CPU
		{6571B554-44FC-42F1-9615-344078E10CA4}.Release|Any CPU.ActiveCfg = Release|Any CPU
		{6571B554-44FC-42F1-9615-344078E10CA4}.Release|Any CPU.Build.0 = Release|Any CPU
		{3331A46E-A5E8-4B0E-9B39-D07DA5461AA5}.Debug|Any CPU.ActiveCfg = Debug|Any CPU
		{3331A46E-A5E8-4B0E-9B39-D07DA5461AA5}.Debug|Any CPU.Build.0 = Debug|Any CPU
		{3331A46E-A5E8-4B0E-9B39-D07DA5461AA5}.Release|Any CPU.ActiveCfg = Release|Any CPU
		{3331A46E-A5E8-4B0E-9B39-D07DA5461AA5}.Release|Any CPU.Build.0 = Release|Any CPU
	EndGlobalSection
EndGlobal
