
Microsoft Visual Studio Solution File, Format Version 12.00
# Visual Studio Version 17
VisualStudioVersion = 17.0.31903.59
MinimumVisualStudioVersion = 10.0.40219.1
Project("{FAE04EC0-301F-11D3-BF4B-00C04F79EFBC}") = "SocialMediaApp.Domain", "SocialMediaApp.Domain\SocialMediaApp.Domain.csproj", "{D9F7E69A-C297-459C-B64F-023FFECA8A3C}"
EndProject
Project("{FAE04EC0-301F-11D3-BF4B-00C04F79EFBC}") = "SocialMediaApp.Application", "SocialMediaApp.Application\SocialMediaApp.Application.csproj", "{DE7DCD5A-16AB-42DD-976B-DA7836D6A212}"
EndProject
Project("{FAE04EC0-301F-11D3-BF4B-00C04F79EFBC}") = "SocialMediaApp.Infrastructure", "SocialMediaApp.Infrastructure\SocialMediaApp.Infrastructure.csproj", "{A3C3AD1B-E0DB-4684-9C48-C724C99978F4}"
EndProject
Project("{FAE04EC0-301F-11D3-BF4B-00C04F79EFBC}") = "SocialMediaApp.WebMVC", "SocialMediaApp.WebMVC\SocialMediaApp.WebMVC.csproj", "{8EC75EEF-8501-41AC-AEDD-4BF0622DA111}"
EndProject
Global
	GlobalSection(SolutionConfigurationPlatforms) = preSolution
		Debug|Any CPU = Debug|Any CPU
		Release|Any CPU = Release|Any CPU
	EndGlobalSection
	GlobalSection(SolutionProperties) = preSolution
		HideSolutionNode = FALSE
	EndGlobalSection
	GlobalSection(ProjectConfigurationPlatforms) = postSolution
		{D9F7E69A-C297-459C-B64F-023FFECA8A3C}.Debug|Any CPU.ActiveCfg = Debug|Any CPU
		{D9F7E69A-C297-459C-B64F-023FFECA8A3C}.Debug|Any CPU.Build.0 = Debug|Any CPU
		{D9F7E69A-C297-459C-B64F-023FFECA8A3C}.Release|Any CPU.ActiveCfg = Release|Any CPU
		{D9F7E69A-C297-459C-B64F-023FFECA8A3C}.Release|Any CPU.Build.0 = Release|Any CPU
		{DE7DCD5A-16AB-42DD-976B-DA7836D6A212}.Debug|Any CPU.ActiveCfg = Debug|Any CPU
		{DE7DCD5A-16AB-42DD-976B-DA7836D6A212}.Debug|Any CPU.Build.0 = Debug|Any CPU
		{DE7DCD5A-16AB-42DD-976B-DA7836D6A212}.Release|Any CPU.ActiveCfg = Release|Any CPU
		{DE7DCD5A-16AB-42DD-976B-DA7836D6A212}.Release|Any CPU.Build.0 = Release|Any CPU
		{A3C3AD1B-E0DB-4684-9C48-C724C99978F4}.Debug|Any CPU.ActiveCfg = Debug|Any CPU
		{A3C3AD1B-E0DB-4684-9C48-C724C99978F4}.Debug|Any CPU.Build.0 = Debug|Any CPU
		{A3C3AD1B-E0DB-4684-9C48-C724C99978F4}.Release|Any CPU.ActiveCfg = Release|Any CPU
		{A3C3AD1B-E0DB-4684-9C48-C724C99978F4}.Release|Any CPU.Build.0 = Release|Any CPU
		{8EC75EEF-8501-41AC-AEDD-4BF0622DA111}.Debug|Any CPU.ActiveCfg = Debug|Any CPU
		{8EC75EEF-8501-41AC-AEDD-4BF0622DA111}.Debug|Any CPU.Build.0 = Debug|Any CPU
		{8EC75EEF-8501-41AC-AEDD-4BF0622DA111}.Release|Any CPU.ActiveCfg = Release|Any CPU
		{8EC75EEF-8501-41AC-AEDD-4BF0622DA111}.Release|Any CPU.Build.0 = Release|Any CPU
	EndGlobalSection
EndGlobal
